// !$*UTF8*$!
{
	archiveVersion = 1;
	classes = {
	};
	objectVersion = 56;
	objects = {

/* Begin PBXBuildFile section */
		072D5C342AC12FB500A895BC /* WearingViewController.swift in Sources */ = {isa = PBXBuildFile; fileRef = 072D5C332AC12FB500A895BC /* WearingViewController.swift */; };
		079BA45B2AC27CEB00063715 /* WearCollectionViewCell.swift in Sources */ = {isa = PBXBuildFile; fileRef = 079BA45A2AC27CEB00063715 /* WearCollectionViewCell.swift */; };
		26B62C412AC1D6AD00F3CC37 /* PlayListCollectionViewCell.swift in Sources */ = {isa = PBXBuildFile; fileRef = 26B62C402AC1D6AD00F3CC37 /* PlayListCollectionViewCell.swift */; };
		26C13DC32AC173E20034FC64 /* PlayListView.swift in Sources */ = {isa = PBXBuildFile; fileRef = 26C13DC22AC173E20034FC64 /* PlayListView.swift */; };
		6414B5D22EF2F66E53B2DB4C /* Pods_DayWeather.framework in Frameworks */ = {isa = PBXBuildFile; fileRef = 2BFEE69322BF2397DBB3D5C5 /* Pods_DayWeather.framework */; };
		BD25D3B22AC12DE500B08252 /* AppDelegate.swift in Sources */ = {isa = PBXBuildFile; fileRef = BD25D3B12AC12DE500B08252 /* AppDelegate.swift */; };
		BD25D3B42AC12DE500B08252 /* SceneDelegate.swift in Sources */ = {isa = PBXBuildFile; fileRef = BD25D3B32AC12DE500B08252 /* SceneDelegate.swift */; };
		BD25D3B62AC12DE500B08252 /* MainView.swift in Sources */ = {isa = PBXBuildFile; fileRef = BD25D3B52AC12DE500B08252 /* MainView.swift */; };
		BD25D3B92AC12DE500B08252 /* Main.storyboard in Resources */ = {isa = PBXBuildFile; fileRef = BD25D3B72AC12DE500B08252 /* Main.storyboard */; };
		BD25D3BB2AC12DE700B08252 /* Assets.xcassets in Resources */ = {isa = PBXBuildFile; fileRef = BD25D3BA2AC12DE700B08252 /* Assets.xcassets */; };
		BD25D3BE2AC12DE700B08252 /* LaunchScreen.storyboard in Resources */ = {isa = PBXBuildFile; fileRef = BD25D3BC2AC12DE700B08252 /* LaunchScreen.storyboard */; };
		BD2F1FAE2AC7E2FA004B8DCC /* LocationManager.swift in Sources */ = {isa = PBXBuildFile; fileRef = BD2F1FAD2AC7E2FA004B8DCC /* LocationManager.swift */; };
		BDA8B0332AC27C2200D7F9DC /* FoodCollectionViewCell.swift in Sources */ = {isa = PBXBuildFile; fileRef = BDA8B0322AC27C2200D7F9DC /* FoodCollectionViewCell.swift */; };
		BDB634A52AC1A32600540602 /* FoodPairing.swift in Sources */ = {isa = PBXBuildFile; fileRef = BDB634A42AC1A32600540602 /* FoodPairing.swift */; };
		BDB634A72AC1A46A00540602 /* Factory.swift in Sources */ = {isa = PBXBuildFile; fileRef = BDB634A62AC1A46A00540602 /* Factory.swift */; };
		BDE9AB9E2ACA73BF00445544 /* FoodViewModel.swift in Sources */ = {isa = PBXBuildFile; fileRef = BDE9AB9D2ACA73BF00445544 /* FoodViewModel.swift */; };
		FF438A562AC140B50032B8BF /* SnapKit in Frameworks */ = {isa = PBXBuildFile; productRef = FF438A552AC140B50032B8BF /* SnapKit */; };
		FF438A5A2AC156620032B8BF /* Property List.plist in Resources */ = {isa = PBXBuildFile; fileRef = FF438A592AC156620032B8BF /* Property List.plist */; };
		FF438A5C2AC15B0D0032B8BF /* WeatherManager.swift in Sources */ = {isa = PBXBuildFile; fileRef = FF438A5B2AC15B0D0032B8BF /* WeatherManager.swift */; };
		FF438A5E2AC15B330032B8BF /* MainViewModel.swift in Sources */ = {isa = PBXBuildFile; fileRef = FF438A5D2AC15B330032B8BF /* MainViewModel.swift */; };
/* End PBXBuildFile section */

/* Begin PBXFileReference section */
		072D5C332AC12FB500A895BC /* WearingViewController.swift */ = {isa = PBXFileReference; lastKnownFileType = sourcecode.swift; path = WearingViewController.swift; sourceTree = "<group>"; };
		079BA45A2AC27CEB00063715 /* WearCollectionViewCell.swift */ = {isa = PBXFileReference; lastKnownFileType = sourcecode.swift; path = WearCollectionViewCell.swift; sourceTree = "<group>"; };
		126C3AD37CE7936D64F6F834 /* Pods-DayWeather.debug.xcconfig */ = {isa = PBXFileReference; includeInIndex = 1; lastKnownFileType = text.xcconfig; name = "Pods-DayWeather.debug.xcconfig"; path = "Target Support Files/Pods-DayWeather/Pods-DayWeather.debug.xcconfig"; sourceTree = "<group>"; };
		26B62C402AC1D6AD00F3CC37 /* PlayListCollectionViewCell.swift */ = {isa = PBXFileReference; lastKnownFileType = sourcecode.swift; path = PlayListCollectionViewCell.swift; sourceTree = "<group>"; };
		26C13DC22AC173E20034FC64 /* PlayListView.swift */ = {isa = PBXFileReference; lastKnownFileType = sourcecode.swift; path = PlayListView.swift; sourceTree = "<group>"; };
		2BFEE69322BF2397DBB3D5C5 /* Pods_DayWeather.framework */ = {isa = PBXFileReference; explicitFileType = wrapper.framework; includeInIndex = 0; path = Pods_DayWeather.framework; sourceTree = BUILT_PRODUCTS_DIR; };
		7E0A31C5ACD31679A8FC0FCF /* Pods-DayWeather.release.xcconfig */ = {isa = PBXFileReference; includeInIndex = 1; lastKnownFileType = text.xcconfig; name = "Pods-DayWeather.release.xcconfig"; path = "Target Support Files/Pods-DayWeather/Pods-DayWeather.release.xcconfig"; sourceTree = "<group>"; };
		BD25D3AE2AC12DE500B08252 /* DayWeather.app */ = {isa = PBXFileReference; explicitFileType = wrapper.application; includeInIndex = 0; path = DayWeather.app; sourceTree = BUILT_PRODUCTS_DIR; };
		BD25D3B12AC12DE500B08252 /* AppDelegate.swift */ = {isa = PBXFileReference; lastKnownFileType = sourcecode.swift; path = AppDelegate.swift; sourceTree = "<group>"; };
		BD25D3B32AC12DE500B08252 /* SceneDelegate.swift */ = {isa = PBXFileReference; lastKnownFileType = sourcecode.swift; path = SceneDelegate.swift; sourceTree = "<group>"; };
		BD25D3B52AC12DE500B08252 /* MainView.swift */ = {isa = PBXFileReference; lastKnownFileType = sourcecode.swift; path = MainView.swift; sourceTree = "<group>"; };
		BD25D3B82AC12DE500B08252 /* Base */ = {isa = PBXFileReference; lastKnownFileType = file.storyboard; name = Base; path = Base.lproj/Main.storyboard; sourceTree = "<group>"; };
		BD25D3BA2AC12DE700B08252 /* Assets.xcassets */ = {isa = PBXFileReference; lastKnownFileType = folder.assetcatalog; path = Assets.xcassets; sourceTree = "<group>"; };
		BD25D3BD2AC12DE700B08252 /* Base */ = {isa = PBXFileReference; lastKnownFileType = file.storyboard; name = Base; path = Base.lproj/LaunchScreen.storyboard; sourceTree = "<group>"; };
		BD25D3BF2AC12DE700B08252 /* Info.plist */ = {isa = PBXFileReference; lastKnownFileType = text.plist.xml; path = Info.plist; sourceTree = "<group>"; };
		BD2F1FAD2AC7E2FA004B8DCC /* LocationManager.swift */ = {isa = PBXFileReference; lastKnownFileType = sourcecode.swift; path = LocationManager.swift; sourceTree = "<group>"; };
		BDA8B0322AC27C2200D7F9DC /* FoodCollectionViewCell.swift */ = {isa = PBXFileReference; lastKnownFileType = sourcecode.swift; path = FoodCollectionViewCell.swift; sourceTree = "<group>"; };
		BDB634A42AC1A32600540602 /* FoodPairing.swift */ = {isa = PBXFileReference; lastKnownFileType = sourcecode.swift; path = FoodPairing.swift; sourceTree = "<group>"; };
		BDB634A62AC1A46A00540602 /* Factory.swift */ = {isa = PBXFileReference; lastKnownFileType = sourcecode.swift; path = Factory.swift; sourceTree = "<group>"; };
		BDE9AB9D2ACA73BF00445544 /* FoodViewModel.swift */ = {isa = PBXFileReference; lastKnownFileType = sourcecode.swift; path = FoodViewModel.swift; sourceTree = "<group>"; };
		FF438A592AC156620032B8BF /* Property List.plist */ = {isa = PBXFileReference; lastKnownFileType = text.plist.xml; path = "Property List.plist"; sourceTree = "<group>"; };
		FF438A5B2AC15B0D0032B8BF /* WeatherManager.swift */ = {isa = PBXFileReference; lastKnownFileType = sourcecode.swift; path = WeatherManager.swift; sourceTree = "<group>"; };
		FF438A5D2AC15B330032B8BF /* MainViewModel.swift */ = {isa = PBXFileReference; lastKnownFileType = sourcecode.swift; path = MainViewModel.swift; sourceTree = "<group>"; };
/* End PBXFileReference section */

/* Begin PBXFrameworksBuildPhase section */
		BD25D3AB2AC12DE500B08252 /* Frameworks */ = {
			isa = PBXFrameworksBuildPhase;
			buildActionMask = 2147483647;
			files = (
				6414B5D22EF2F66E53B2DB4C /* Pods_DayWeather.framework in Frameworks */,
				FF438A562AC140B50032B8BF /* SnapKit in Frameworks */,
			);
			runOnlyForDeploymentPostprocessing = 0;
		};
/* End PBXFrameworksBuildPhase section */

/* Begin PBXGroup section */
		BD25D3A52AC12DE500B08252 = {
			isa = PBXGroup;
			children = (
				BD25D3B02AC12DE500B08252 /* DayWeather */,
				BD25D3AF2AC12DE500B08252 /* Products */,
				E870EFB9EA9DDAE6DBF564A4 /* Pods */,
				ED7F11F7DEF839586A19A852 /* Frameworks */,
			);
			sourceTree = "<group>";
		};
		BD25D3AF2AC12DE500B08252 /* Products */ = {
			isa = PBXGroup;
			children = (
				BD25D3AE2AC12DE500B08252 /* DayWeather.app */,
			);
			name = Products;
			sourceTree = "<group>";
		};
		BD25D3B02AC12DE500B08252 /* DayWeather */ = {
			isa = PBXGroup;
			children = (
				072D5C332AC12FB500A895BC /* WearingViewController.swift */,
				079BA45A2AC27CEB00063715 /* WearCollectionViewCell.swift */,
				BD25D3B12AC12DE500B08252 /* AppDelegate.swift */,
				BD25D3B32AC12DE500B08252 /* SceneDelegate.swift */,
				BD25D3B52AC12DE500B08252 /* MainView.swift */,
				FF438A5D2AC15B330032B8BF /* MainViewModel.swift */,
				FF438A5B2AC15B0D0032B8BF /* WeatherManager.swift */,
				26C13DC22AC173E20034FC64 /* PlayListView.swift */,
				BDB634A42AC1A32600540602 /* FoodPairing.swift */,
				BDE9AB9D2ACA73BF00445544 /* FoodViewModel.swift */,
				BD2F1FAD2AC7E2FA004B8DCC /* LocationManager.swift */,
				BDB634A62AC1A46A00540602 /* Factory.swift */,
				BDA8B0322AC27C2200D7F9DC /* FoodCollectionViewCell.swift */,
				26B62C402AC1D6AD00F3CC37 /* PlayListCollectionViewCell.swift */,
				BD25D3B72AC12DE500B08252 /* Main.storyboard */,
				BD25D3BA2AC12DE700B08252 /* Assets.xcassets */,
				FF438A592AC156620032B8BF /* Property List.plist */,
				BD25D3BC2AC12DE700B08252 /* LaunchScreen.storyboard */,
				BD25D3BF2AC12DE700B08252 /* Info.plist */,
			);
			path = DayWeather;
			sourceTree = "<group>";
		};
		E870EFB9EA9DDAE6DBF564A4 /* Pods */ = {
			isa = PBXGroup;
			children = (
				126C3AD37CE7936D64F6F834 /* Pods-DayWeather.debug.xcconfig */,
				7E0A31C5ACD31679A8FC0FCF /* Pods-DayWeather.release.xcconfig */,
			);
			path = Pods;
			sourceTree = "<group>";
		};
		ED7F11F7DEF839586A19A852 /* Frameworks */ = {
			isa = PBXGroup;
			children = (
				2BFEE69322BF2397DBB3D5C5 /* Pods_DayWeather.framework */,
			);
			name = Frameworks;
			sourceTree = "<group>";
		};
/* End PBXGroup section */

/* Begin PBXNativeTarget section */
		BD25D3AD2AC12DE500B08252 /* DayWeather */ = {
			isa = PBXNativeTarget;
			buildConfigurationList = BD25D3C22AC12DE700B08252 /* Build configuration list for PBXNativeTarget "DayWeather" */;
			buildPhases = (
				68218E5C13F489EFCBCACB72 /* [CP] Check Pods Manifest.lock */,
				BD25D3AA2AC12DE500B08252 /* Sources */,
				BD25D3AB2AC12DE500B08252 /* Frameworks */,
				BD25D3AC2AC12DE500B08252 /* Resources */,
				9FDF59D4EA8E1386BE623989 /* [CP] Embed Pods Frameworks */,
			);
			buildRules = (
			);
			dependencies = (
			);
			name = DayWeather;
			packageProductDependencies = (
				FF438A552AC140B50032B8BF /* SnapKit */,
			);
			productName = DayWeather;
			productReference = BD25D3AE2AC12DE500B08252 /* DayWeather.app */;
			productType = "com.apple.product-type.application";
		};
/* End PBXNativeTarget section */

/* Begin PBXProject section */
		BD25D3A62AC12DE500B08252 /* Project object */ = {
			isa = PBXProject;
			attributes = {
				BuildIndependentTargetsInParallel = 1;
				LastSwiftUpdateCheck = 1430;
				LastUpgradeCheck = 1430;
				TargetAttributes = {
					BD25D3AD2AC12DE500B08252 = {
						CreatedOnToolsVersion = 14.3.1;
					};
				};
			};
			buildConfigurationList = BD25D3A92AC12DE500B08252 /* Build configuration list for PBXProject "DayWeather" */;
			compatibilityVersion = "Xcode 14.0";
			developmentRegion = en;
			hasScannedForEncodings = 0;
			knownRegions = (
				en,
				Base,
			);
			mainGroup = BD25D3A52AC12DE500B08252;
			packageReferences = (
				FF438A542AC140B50032B8BF /* XCRemoteSwiftPackageReference "SnapKit" */,
			);
			productRefGroup = BD25D3AF2AC12DE500B08252 /* Products */;
			projectDirPath = "";
			projectRoot = "";
			targets = (
				BD25D3AD2AC12DE500B08252 /* DayWeather */,
			);
		};
/* End PBXProject section */

/* Begin PBXResourcesBuildPhase section */
		BD25D3AC2AC12DE500B08252 /* Resources */ = {
			isa = PBXResourcesBuildPhase;
			buildActionMask = 2147483647;
			files = (
				BD25D3BE2AC12DE700B08252 /* LaunchScreen.storyboard in Resources */,
				BD25D3BB2AC12DE700B08252 /* Assets.xcassets in Resources */,
				FF438A5A2AC156620032B8BF /* Property List.plist in Resources */,
				BD25D3B92AC12DE500B08252 /* Main.storyboard in Resources */,
			);
			runOnlyForDeploymentPostprocessing = 0;
		};
/* End PBXResourcesBuildPhase section */

/* Begin PBXShellScriptBuildPhase section */
		68218E5C13F489EFCBCACB72 /* [CP] Check Pods Manifest.lock */ = {
			isa = PBXShellScriptBuildPhase;
			buildActionMask = 2147483647;
			files = (
			);
			inputFileListPaths = (
			);
			inputPaths = (
				"${PODS_PODFILE_DIR_PATH}/Podfile.lock",
				"${PODS_ROOT}/Manifest.lock",
			);
			name = "[CP] Check Pods Manifest.lock";
			outputFileListPaths = (
			);
			outputPaths = (
				"$(DERIVED_FILE_DIR)/Pods-DayWeather-checkManifestLockResult.txt",
			);
			runOnlyForDeploymentPostprocessing = 0;
			shellPath = /bin/sh;
			shellScript = "diff \"${PODS_PODFILE_DIR_PATH}/Podfile.lock\" \"${PODS_ROOT}/Manifest.lock\" > /dev/null\nif [ $? != 0 ] ; then\n    # print error to STDERR\n    echo \"error: The sandbox is not in sync with the Podfile.lock. Run 'pod install' or update your CocoaPods installation.\" >&2\n    exit 1\nfi\n# This output is used by Xcode 'outputs' to avoid re-running this script phase.\necho \"SUCCESS\" > \"${SCRIPT_OUTPUT_FILE_0}\"\n";
			showEnvVarsInLog = 0;
		};
		9FDF59D4EA8E1386BE623989 /* [CP] Embed Pods Frameworks */ = {
			isa = PBXShellScriptBuildPhase;
			buildActionMask = 2147483647;
			files = (
			);
			inputFileListPaths = (
				"${PODS_ROOT}/Target Support Files/Pods-DayWeather/Pods-DayWeather-frameworks-${CONFIGURATION}-input-files.xcfilelist",
			);
			name = "[CP] Embed Pods Frameworks";
			outputFileListPaths = (
				"${PODS_ROOT}/Target Support Files/Pods-DayWeather/Pods-DayWeather-frameworks-${CONFIGURATION}-output-files.xcfilelist",
			);
			runOnlyForDeploymentPostprocessing = 0;
			shellPath = /bin/sh;
			shellScript = "\"${PODS_ROOT}/Target Support Files/Pods-DayWeather/Pods-DayWeather-frameworks.sh\"\n";
			showEnvVarsInLog = 0;
		};
/* End PBXShellScriptBuildPhase section */

/* Begin PBXSourcesBuildPhase section */
		BD25D3AA2AC12DE500B08252 /* Sources */ = {
			isa = PBXSourcesBuildPhase;
			buildActionMask = 2147483647;
			files = (
				26B62C412AC1D6AD00F3CC37 /* PlayListCollectionViewCell.swift in Sources */,
				26C13DC32AC173E20034FC64 /* PlayListView.swift in Sources */,
				FF438A5E2AC15B330032B8BF /* MainViewModel.swift in Sources */,
				BD25D3B62AC12DE500B08252 /* MainView.swift in Sources */,
				079BA45B2AC27CEB00063715 /* WearCollectionViewCell.swift in Sources */,
				BD25D3B22AC12DE500B08252 /* AppDelegate.swift in Sources */,
				FF438A5C2AC15B0D0032B8BF /* WeatherManager.swift in Sources */,
				BDB634A72AC1A46A00540602 /* Factory.swift in Sources */,
				072D5C342AC12FB500A895BC /* WearingViewController.swift in Sources */,
				BDB634A52AC1A32600540602 /* FoodPairing.swift in Sources */,
				BD25D3B42AC12DE500B08252 /* SceneDelegate.swift in Sources */,
				BDE9AB9E2ACA73BF00445544 /* FoodViewModel.swift in Sources */,
				BDA8B0332AC27C2200D7F9DC /* FoodCollectionViewCell.swift in Sources */,
				BD2F1FAE2AC7E2FA004B8DCC /* LocationManager.swift in Sources */,
			);
			runOnlyForDeploymentPostprocessing = 0;
		};
/* End PBXSourcesBuildPhase section */

/* Begin PBXVariantGroup section */
		BD25D3B72AC12DE500B08252 /* Main.storyboard */ = {
			isa = PBXVariantGroup;
			children = (
				BD25D3B82AC12DE500B08252 /* Base */,
			);
			name = Main.storyboard;
			sourceTree = "<group>";
		};
		BD25D3BC2AC12DE700B08252 /* LaunchScreen.storyboard */ = {
			isa = PBXVariantGroup;
			children = (
				BD25D3BD2AC12DE700B08252 /* Base */,
			);
			name = LaunchScreen.storyboard;
			sourceTree = "<group>";
		};
/* End PBXVariantGroup section */

/* Begin XCBuildConfiguration section */
		BD25D3C02AC12DE700B08252 /* Debug */ = {
			isa = XCBuildConfiguration;
			buildSettings = {
				ALWAYS_SEARCH_USER_PATHS = NO;
				CLANG_ANALYZER_NONNULL = YES;
				CLANG_ANALYZER_NUMBER_OBJECT_CONVERSION = YES_AGGRESSIVE;
				CLANG_CXX_LANGUAGE_STANDARD = "gnu++20";
				CLANG_ENABLE_MODULES = YES;
				CLANG_ENABLE_OBJC_ARC = YES;
				CLANG_ENABLE_OBJC_WEAK = YES;
				CLANG_WARN_BLOCK_CAPTURE_AUTORELEASING = YES;
				CLANG_WARN_BOOL_CONVERSION = YES;
				CLANG_WARN_COMMA = YES;
				CLANG_WARN_CONSTANT_CONVERSION = YES;
				CLANG_WARN_DEPRECATED_OBJC_IMPLEMENTATIONS = YES;
				CLANG_WARN_DIRECT_OBJC_ISA_USAGE = YES_ERROR;
				CLANG_WARN_DOCUMENTATION_COMMENTS = YES;
				CLANG_WARN_EMPTY_BODY = YES;
				CLANG_WARN_ENUM_CONVERSION = YES;
				CLANG_WARN_INFINITE_RECURSION = YES;
				CLANG_WARN_INT_CONVERSION = YES;
				CLANG_WARN_NON_LITERAL_NULL_CONVERSION = YES;
				CLANG_WARN_OBJC_IMPLICIT_RETAIN_SELF = YES;
				CLANG_WARN_OBJC_LITERAL_CONVERSION = YES;
				CLANG_WARN_OBJC_ROOT_CLASS = YES_ERROR;
				CLANG_WARN_QUOTED_INCLUDE_IN_FRAMEWORK_HEADER = YES;
				CLANG_WARN_RANGE_LOOP_ANALYSIS = YES;
				CLANG_WARN_STRICT_PROTOTYPES = YES;
				CLANG_WARN_SUSPICIOUS_MOVE = YES;
				CLANG_WARN_UNGUARDED_AVAILABILITY = YES_AGGRESSIVE;
				CLANG_WARN_UNREACHABLE_CODE = YES;
				CLANG_WARN__DUPLICATE_METHOD_MATCH = YES;
				COPY_PHASE_STRIP = NO;
				DEBUG_INFORMATION_FORMAT = dwarf;
				ENABLE_STRICT_OBJC_MSGSEND = YES;
				ENABLE_TESTABILITY = YES;
				GCC_C_LANGUAGE_STANDARD = gnu11;
				GCC_DYNAMIC_NO_PIC = NO;
				GCC_NO_COMMON_BLOCKS = YES;
				GCC_OPTIMIZATION_LEVEL = 0;
				GCC_PREPROCESSOR_DEFINITIONS = (
					"DEBUG=1",
					"$(inherited)",
				);
				GCC_WARN_64_TO_32_BIT_CONVERSION = YES;
				GCC_WARN_ABOUT_RETURN_TYPE = YES_ERROR;
				GCC_WARN_UNDECLARED_SELECTOR = YES;
				GCC_WARN_UNINITIALIZED_AUTOS = YES_AGGRESSIVE;
				GCC_WARN_UNUSED_FUNCTION = YES;
				GCC_WARN_UNUSED_VARIABLE = YES;
				IPHONEOS_DEPLOYMENT_TARGET = 15.0;
				MTL_ENABLE_DEBUG_INFO = INCLUDE_SOURCE;
				MTL_FAST_MATH = YES;
				ONLY_ACTIVE_ARCH = YES;
				SDKROOT = iphoneos;
				SWIFT_ACTIVE_COMPILATION_CONDITIONS = DEBUG;
				SWIFT_OPTIMIZATION_LEVEL = "-Onone";
			};
			name = Debug;
		};
		BD25D3C12AC12DE700B08252 /* Release */ = {
			isa = XCBuildConfiguration;
			buildSettings = {
				ALWAYS_SEARCH_USER_PATHS = NO;
				CLANG_ANALYZER_NONNULL = YES;
				CLANG_ANALYZER_NUMBER_OBJECT_CONVERSION = YES_AGGRESSIVE;
				CLANG_CXX_LANGUAGE_STANDARD = "gnu++20";
				CLANG_ENABLE_MODULES = YES;
				CLANG_ENABLE_OBJC_ARC = YES;
				CLANG_ENABLE_OBJC_WEAK = YES;
				CLANG_WARN_BLOCK_CAPTURE_AUTORELEASING = YES;
				CLANG_WARN_BOOL_CONVERSION = YES;
				CLANG_WARN_COMMA = YES;
				CLANG_WARN_CONSTANT_CONVERSION = YES;
				CLANG_WARN_DEPRECATED_OBJC_IMPLEMENTATIONS = YES;
				CLANG_WARN_DIRECT_OBJC_ISA_USAGE = YES_ERROR;
				CLANG_WARN_DOCUMENTATION_COMMENTS = YES;
				CLANG_WARN_EMPTY_BODY = YES;
				CLANG_WARN_ENUM_CONVERSION = YES;
				CLANG_WARN_INFINITE_RECURSION = YES;
				CLANG_WARN_INT_CONVERSION = YES;
				CLANG_WARN_NON_LITERAL_NULL_CONVERSION = YES;
				CLANG_WARN_OBJC_IMPLICIT_RETAIN_SELF = YES;
				CLANG_WARN_OBJC_LITERAL_CONVERSION = YES;
				CLANG_WARN_OBJC_ROOT_CLASS = YES_ERROR;
				CLANG_WARN_QUOTED_INCLUDE_IN_FRAMEWORK_HEADER = YES;
				CLANG_WARN_RANGE_LOOP_ANALYSIS = YES;
				CLANG_WARN_STRICT_PROTOTYPES = YES;
				CLANG_WARN_SUSPICIOUS_MOVE = YES;
				CLANG_WARN_UNGUARDED_AVAILABILITY = YES_AGGRESSIVE;
				CLANG_WARN_UNREACHABLE_CODE = YES;
				CLANG_WARN__DUPLICATE_METHOD_MATCH = YES;
				COPY_PHASE_STRIP = NO;
				DEBUG_INFORMATION_FORMAT = "dwarf-with-dsym";
				ENABLE_NS_ASSERTIONS = NO;
				ENABLE_STRICT_OBJC_MSGSEND = YES;
				GCC_C_LANGUAGE_STANDARD = gnu11;
				GCC_NO_COMMON_BLOCKS = YES;
				GCC_WARN_64_TO_32_BIT_CONVERSION = YES;
				GCC_WARN_ABOUT_RETURN_TYPE = YES_ERROR;
				GCC_WARN_UNDECLARED_SELECTOR = YES;
				GCC_WARN_UNINITIALIZED_AUTOS = YES_AGGRESSIVE;
				GCC_WARN_UNUSED_FUNCTION = YES;
				GCC_WARN_UNUSED_VARIABLE = YES;
				IPHONEOS_DEPLOYMENT_TARGET = 15.0;
				MTL_ENABLE_DEBUG_INFO = NO;
				MTL_FAST_MATH = YES;
				SDKROOT = iphoneos;
				SWIFT_COMPILATION_MODE = wholemodule;
				SWIFT_OPTIMIZATION_LEVEL = "-O";
				VALIDATE_PRODUCT = YES;
			};
			name = Release;
		};
		BD25D3C32AC12DE700B08252 /* Debug */ = {
			isa = XCBuildConfiguration;
			baseConfigurationReference = 126C3AD37CE7936D64F6F834 /* Pods-DayWeather.debug.xcconfig */;
			buildSettings = {
				ASSETCATALOG_COMPILER_APPICON_NAME = AppIcon;
				ASSETCATALOG_COMPILER_GLOBAL_ACCENT_COLOR_NAME = AccentColor;
				CODE_SIGN_STYLE = Automatic;
				CURRENT_PROJECT_VERSION = 1;
				DEVELOPMENT_TEAM = 2W6JX5D446;
				GENERATE_INFOPLIST_FILE = YES;
				INFOPLIST_FILE = DayWeather/Info.plist;
				INFOPLIST_KEY_NSLocationAlwaysAndWhenInUseUsageDescription = "\"위치를 기반으로 날씨를 가져옵니다.\"";
				INFOPLIST_KEY_NSLocationWhenInUseUsageDescription = "\"위치를 기반으로 날씨를 가져옵니다.\"";
				INFOPLIST_KEY_UIApplicationSupportsIndirectInputEvents = YES;
				INFOPLIST_KEY_UILaunchStoryboardName = LaunchScreen;
				INFOPLIST_KEY_UIMainStoryboardFile = Main;
				INFOPLIST_KEY_UISupportedInterfaceOrientations_iPad = "UIInterfaceOrientationPortrait UIInterfaceOrientationPortraitUpsideDown UIInterfaceOrientationLandscapeLeft UIInterfaceOrientationLandscapeRight";
				INFOPLIST_KEY_UISupportedInterfaceOrientations_iPhone = "UIInterfaceOrientationPortrait UIInterfaceOrientationLandscapeLeft UIInterfaceOrientationLandscapeRight";
				IPHONEOS_DEPLOYMENT_TARGET = 15.0;
				LD_RUNPATH_SEARCH_PATHS = (
					"$(inherited)",
					"@executable_path/Frameworks",
				);
				MARKETING_VERSION = 1.0;
				PRODUCT_BUNDLE_IDENTIFIER = com.NaBaeCamp.DayWeather;
				PRODUCT_NAME = "$(TARGET_NAME)";
				SWIFT_EMIT_LOC_STRINGS = YES;
				SWIFT_VERSION = 5.0;
				TARGETED_DEVICE_FAMILY = "1,2";
			};
			name = Debug;
		};
		BD25D3C42AC12DE700B08252 /* Release */ = {
			isa = XCBuildConfiguration;
			baseConfigurationReference = 7E0A31C5ACD31679A8FC0FCF /* Pods-DayWeather.release.xcconfig */;
			buildSettings = {
				ASSETCATALOG_COMPILER_APPICON_NAME = AppIcon;
				ASSETCATALOG_COMPILER_GLOBAL_ACCENT_COLOR_NAME = AccentColor;
				CODE_SIGN_STYLE = Automatic;
				CURRENT_PROJECT_VERSION = 1;
				DEVELOPMENT_TEAM = 2W6JX5D446;
				GENERATE_INFOPLIST_FILE = YES;
				INFOPLIST_FILE = DayWeather/Info.plist;
				INFOPLIST_KEY_NSLocationAlwaysAndWhenInUseUsageDescription = "\"위치를 기반으로 날씨를 가져옵니다.\"";
				INFOPLIST_KEY_NSLocationWhenInUseUsageDescription = "\"위치를 기반으로 날씨를 가져옵니다.\"";
				INFOPLIST_KEY_UIApplicationSupportsIndirectInputEvents = YES;
				INFOPLIST_KEY_UILaunchStoryboardName = LaunchScreen;
				INFOPLIST_KEY_UIMainStoryboardFile = Main;
				INFOPLIST_KEY_UISupportedInterfaceOrientations_iPad = "UIInterfaceOrientationPortrait UIInterfaceOrientationPortraitUpsideDown UIInterfaceOrientationLandscapeLeft UIInterfaceOrientationLandscapeRight";
				INFOPLIST_KEY_UISupportedInterfaceOrientations_iPhone = "UIInterfaceOrientationPortrait UIInterfaceOrientationLandscapeLeft UIInterfaceOrientationLandscapeRight";
				IPHONEOS_DEPLOYMENT_TARGET = 15.0;
				LD_RUNPATH_SEARCH_PATHS = (
					"$(inherited)",
					"@executable_path/Frameworks",
				);
				MARKETING_VERSION = 1.0;
				PRODUCT_BUNDLE_IDENTIFIER = com.NaBaeCamp.DayWeather;
				PRODUCT_NAME = "$(TARGET_NAME)";
				SWIFT_EMIT_LOC_STRINGS = YES;
				SWIFT_VERSION = 5.0;
				TARGETED_DEVICE_FAMILY = "1,2";
			};
			name = Release;
		};
/* End XCBuildConfiguration section */

/* Begin XCConfigurationList section */
		BD25D3A92AC12DE500B08252 /* Build configuration list for PBXProject "DayWeather" */ = {
			isa = XCConfigurationList;
			buildConfigurations = (
				BD25D3C02AC12DE700B08252 /* Debug */,
				BD25D3C12AC12DE700B08252 /* Release */,
			);
			defaultConfigurationIsVisible = 0;
			defaultConfigurationName = Release;
		};
		BD25D3C22AC12DE700B08252 /* Build configuration list for PBXNativeTarget "DayWeather" */ = {
			isa = XCConfigurationList;
			buildConfigurations = (
				BD25D3C32AC12DE700B08252 /* Debug */,
				BD25D3C42AC12DE700B08252 /* Release */,
			);
			defaultConfigurationIsVisible = 0;
			defaultConfigurationName = Release;
		};
/* End XCConfigurationList section */

/* Begin XCRemoteSwiftPackageReference section */
		FF438A542AC140B50032B8BF /* XCRemoteSwiftPackageReference "SnapKit" */ = {
			isa = XCRemoteSwiftPackageReference;
			repositoryURL = "https://github.com/SnapKit/SnapKit.git";
			requirement = {
				kind = upToNextMajorVersion;
				minimumVersion = 5.6.0;
			};
		};
/* End XCRemoteSwiftPackageReference section */

/* Begin XCSwiftPackageProductDependency section */
		FF438A552AC140B50032B8BF /* SnapKit */ = {
			isa = XCSwiftPackageProductDependency;
			package = FF438A542AC140B50032B8BF /* XCRemoteSwiftPackageReference "SnapKit" */;
			productName = SnapKit;
		};
/* End XCSwiftPackageProductDependency section */
	};
	rootObject = BD25D3A62AC12DE500B08252 /* Project object */;
}
